
Microsoft Visual Studio Solution File, Format Version 12.00
# Visual Studio Version 17
VisualStudioVersion = 17.5.33502.453
MinimumVisualStudioVersion = 10.0.40219.1
Project("{FAE04EC0-301F-11D3-BF4B-00C04F79EFBC}") = "WebAPI", "WebAPI\WebAPI.csproj", "{85FCEF01-D8F6-43A8-975D-52D46B60CA6B}"
EndProject
Project("{FAE04EC0-301F-11D3-BF4B-00C04F79EFBC}") = "Tests", "Tests\Tests.csproj", "{27A718EC-7D30-404A-9A54-747FFE03FF99}"
EndProject
Project("{FAE04EC0-301F-11D3-BF4B-00C04F79EFBC}") = "Business", "Business\Business.csproj", "{E2CF09C9-CBE4-4FCF-89A7-085408623C2B}"
EndProject
Project("{FAE04EC0-301F-11D3-BF4B-00C04F79EFBC}") = "DataAccess", "DataAccess\DataAccess.csproj", "{14BA0BB7-D6C9-42CA-A4A7-E8A7BB7F3D58}"
EndProject
Project("{FAE04EC0-301F-11D3-BF4B-00C04F79EFBC}") = "Core", "Core\Core.csproj", "{7CEAD07E-AB19-412E-B4C3-71AFB43B09A2}"
EndProject
Project("{FAE04EC0-301F-11D3-BF4B-00C04F79EFBC}") = "Entities", "Entities\Entities.csproj", "{462A3BFF-CC65-4A97-B6AA-A9981B3D24F0}"
EndProject
Project("{FAE04EC0-301F-11D3-BF4B-00C04F79EFBC}") = "UIPreparation", "UIPreparation\UIPreparation.csproj", "{09CFA039-C5BE-45F3-8897-25393A5283FF}"
EndProject
Global
	GlobalSection(SolutionConfigurationPlatforms) = preSolution
		Debug|Any CPU = Debug|Any CPU
		Release|Any CPU = Release|Any CPU
	EndGlobalSection
	GlobalSection(ProjectConfigurationPlatforms) = postSolution
		{85FCEF01-D8F6-43A8-975D-52D46B60CA6B}.Debug|Any CPU.ActiveCfg = Debug|Any CPU
		{85FCEF01-D8F6-43A8-975D-52D46B60CA6B}.Debug|Any CPU.Build.0 = Debug|Any CPU
		{85FCEF01-D8F6-43A8-975D-52D46B60CA6B}.Release|Any CPU.ActiveCfg = Release|Any CPU
		{85FCEF01-D8F6-43A8-975D-52D46B60CA6B}.Release|Any CPU.Build.0 = Release|Any CPU
		{27A718EC-7D30-404A-9A54-747FFE03FF99}.Debug|Any CPU.ActiveCfg = Debug|Any CPU
		{27A718EC-7D30-404A-9A54-747FFE03FF99}.Debug|Any CPU.Build.0 = Debug|Any CPU
		{27A718EC-7D30-404A-9A54-747FFE03FF99}.Release|Any CPU.ActiveCfg = Release|Any CPU
		{27A718EC-7D30-404A-9A54-747FFE03FF99}.Release|Any CPU.Build.0 = Release|Any CPU
		{E2CF09C9-CBE4-4FCF-89A7-085408623C2B}.Debug|Any CPU.ActiveCfg = Debug|Any CPU
		{E2CF09C9-CBE4-4FCF-89A7-085408623C2B}.Debug|Any CPU.Build.0 = Debug|Any CPU
		{E2CF09C9-CBE4-4FCF-89A7-085408623C2B}.Release|Any CPU.ActiveCfg = Release|Any CPU
		{E2CF09C9-CBE4-4FCF-89A7-085408623C2B}.Release|Any CPU.Build.0 = Release|Any CPU
		{14BA0BB7-D6C9-42CA-A4A7-E8A7BB7F3D58}.Debug|Any CPU.ActiveCfg = Debug|Any CPU
		{14BA0BB7-D6C9-42CA-A4A7-E8A7BB7F3D58}.Debug|Any CPU.Build.0 = Debug|Any CPU
		{14BA0BB7-D6C9-42CA-A4A7-E8A7BB7F3D58}.Release|Any CPU.ActiveCfg = Release|Any CPU
		{14BA0BB7-D6C9-42CA-A4A7-E8A7BB7F3D58}.Release|Any CPU.Build.0 = Release|Any CPU
		{7CEAD07E-AB19-412E-B4C3-71AFB43B09A2}.Debug|Any CPU.ActiveCfg = Debug|Any CPU
		{7CEAD07E-AB19-412E-B4C3-71AFB43B09A2}.Debug|Any CPU.Build.0 = Debug|Any CPU
		{7CEAD07E-AB19-412E-B4C3-71AFB43B09A2}.Release|Any CPU.ActiveCfg = Release|Any CPU
		{7CEAD07E-AB19-412E-B4C3-71AFB43B09A2}.Release|Any CPU.Build.0 = Release|Any CPU
		{462A3BFF-CC65-4A97-B6AA-A9981B3D24F0}.Debug|Any CPU.ActiveCfg = Debug|Any CPU
		{462A3BFF-CC65-4A97-B6AA-A9981B3D24F0}.Debug|Any CPU.Build.0 = Debug|Any CPU
		{462A3BFF-CC65-4A97-B6AA-A9981B3D24F0}.Release|Any CPU.ActiveCfg = Release|Any CPU
		{462A3BFF-CC65-4A97-B6AA-A9981B3D24F0}.Release|Any CPU.Build.0 = Release|Any CPU
		{09CFA039-C5BE-45F3-8897-25393A5283FF}.Debug|Any CPU.ActiveCfg = Debug|Any CPU
		{09CFA039-C5BE-45F3-8897-25393A5283FF}.Debug|Any CPU.Build.0 = Debug|Any CPU
		{09CFA039-C5BE-45F3-8897-25393A5283FF}.Release|Any CPU.ActiveCfg = Release|Any CPU
		{09CFA039-C5BE-45F3-8897-25393A5283FF}.Release|Any CPU.Build.0 = Release|Any CPU
	EndGlobalSection
	GlobalSection(SolutionProperties) = preSolution
		HideSolutionNode = FALSE
	EndGlobalSection
	GlobalSection(ExtensibilityGlobals) = postSolution
		SolutionGuid = {6E168A0D-E321-46ED-89D5-64054A8AB581}
	EndGlobalSection
EndGlobal
